
Microsoft Visual Studio Solution File, Format Version 12.00
# Visual Studio Version 16
VisualStudioVersion = 16.0.31702.278
MinimumVisualStudioVersion = 10.0.40219.1
Project("{2150E333-8FDC-42A3-9474-1A3956D46DE8}") = "Api", "Api", "{000FC5E7-1A4B-4B1B-A1BF-1E3860757E02}"
EndProject
Project("{2150E333-8FDC-42A3-9474-1A3956D46DE8}") = "Web", "Web", "{163C7986-B9F8-48C8-ADA7-D0430DED0AE3}"
EndProject
Project("{2150E333-8FDC-42A3-9474-1A3956D46DE8}") = "Core", "Core", "{6A8F725F-57C2-4183-AB34-03694DDC6277}"
EndProject
Project("{9A19103F-16F7-4668-BE54-9A1E7A4F7556}") = "Api.Publica", "Api\Api.Publica\Api.Publica.csproj", "{CDBF3975-3209-46E5-BC18-ED1276EA4B34}"
EndProject
Project("{9A19103F-16F7-4668-BE54-9A1E7A4F7556}") = "Core.Aplicacion", "Core\Core.Aplicacion\Core.Aplicacion.csproj", "{266F3B02-AE8D-4477-8A01-ACB1481F0BF3}"
EndProject
Project("{9A19103F-16F7-4668-BE54-9A1E7A4F7556}") = "Core.Dominio", "Core\Core.Dominio\Core.Dominio.csproj", "{32FE9346-4F54-40B1-8302-BBA7DDCBF03F}"
EndProject
Project("{9A19103F-16F7-4668-BE54-9A1E7A4F7556}") = "Core.Infraestructura", "Core\Core.Infraestructura\Core.Infraestructura.csproj", "{AA55B51C-0811-4426-A02A-DF9B2D7505F9}"
EndProject
Project("{9A19103F-16F7-4668-BE54-9A1E7A4F7556}") = "Web.Site", "Web\Web.Site\Web.Site.csproj", "{86712374-BDBC-449F-8A42-34EA3CD715B1}"
EndProject
Project("{9A19103F-16F7-4668-BE54-9A1E7A4F7556}") = "Core.AplicacionTests", "Core\Core.AplicacionTests\Core.AplicacionTests.csproj", "{C796E196-AB39-4E66-84D9-A57A86F1BE18}"
EndProject
Global
	GlobalSection(SolutionConfigurationPlatforms) = preSolution
		Debug|Any CPU = Debug|Any CPU
		Release|Any CPU = Release|Any CPU
	EndGlobalSection
	GlobalSection(ProjectConfigurationPlatforms) = postSolution
		{CDBF3975-3209-46E5-BC18-ED1276EA4B34}.Debug|Any CPU.ActiveCfg = Debug|Any CPU
		{CDBF3975-3209-46E5-BC18-ED1276EA4B34}.Debug|Any CPU.Build.0 = Debug|Any CPU
		{CDBF3975-3209-46E5-BC18-ED1276EA4B34}.Release|Any CPU.ActiveCfg = Release|Any CPU
		{CDBF3975-3209-46E5-BC18-ED1276EA4B34}.Release|Any CPU.Build.0 = Release|Any CPU
		{266F3B02-AE8D-4477-8A01-ACB1481F0BF3}.Debug|Any CPU.ActiveCfg = Debug|Any CPU
		{266F3B02-AE8D-4477-8A01-ACB1481F0BF3}.Debug|Any CPU.Build.0 = Debug|Any CPU
		{266F3B02-AE8D-4477-8A01-ACB1481F0BF3}.Release|Any CPU.ActiveCfg = Release|Any CPU
		{266F3B02-AE8D-4477-8A01-ACB1481F0BF3}.Release|Any CPU.Build.0 = Release|Any CPU
		{32FE9346-4F54-40B1-8302-BBA7DDCBF03F}.Debug|Any CPU.ActiveCfg = Debug|Any CPU
		{32FE9346-4F54-40B1-8302-BBA7DDCBF03F}.Debug|Any CPU.Build.0 = Debug|Any CPU
		{32FE9346-4F54-40B1-8302-BBA7DDCBF03F}.Release|Any CPU.ActiveCfg = Release|Any CPU
		{32FE9346-4F54-40B1-8302-BBA7DDCBF03F}.Release|Any CPU.Build.0 = Release|Any CPU
		{AA55B51C-0811-4426-A02A-DF9B2D7505F9}.Debug|Any CPU.ActiveCfg = Debug|Any CPU
		{AA55B51C-0811-4426-A02A-DF9B2D7505F9}.Debug|Any CPU.Build.0 = Debug|Any CPU
		{AA55B51C-0811-4426-A02A-DF9B2D7505F9}.Release|Any CPU.ActiveCfg = Release|Any CPU
		{AA55B51C-0811-4426-A02A-DF9B2D7505F9}.Release|Any CPU.Build.0 = Release|Any CPU
		{86712374-BDBC-449F-8A42-34EA3CD715B1}.Debug|Any CPU.ActiveCfg = Debug|Any CPU
		{86712374-BDBC-449F-8A42-34EA3CD715B1}.Debug|Any CPU.Build.0 = Debug|Any CPU
		{86712374-BDBC-449F-8A42-34EA3CD715B1}.Release|Any CPU.ActiveCfg = Release|Any CPU
		{86712374-BDBC-449F-8A42-34EA3CD715B1}.Release|Any CPU.Build.0 = Release|Any CPU
		{C796E196-AB39-4E66-84D9-A57A86F1BE18}.Debug|Any CPU.ActiveCfg = Debug|Any CPU
		{C796E196-AB39-4E66-84D9-A57A86F1BE18}.Debug|Any CPU.Build.0 = Debug|Any CPU
		{C796E196-AB39-4E66-84D9-A57A86F1BE18}.Release|Any CPU.ActiveCfg = Release|Any CPU
		{C796E196-AB39-4E66-84D9-A57A86F1BE18}.Release|Any CPU.Build.0 = Release|Any CPU
	EndGlobalSection
	GlobalSection(SolutionProperties) = preSolution
		HideSolutionNode = FALSE
	EndGlobalSection
	GlobalSection(NestedProjects) = preSolution
		{CDBF3975-3209-46E5-BC18-ED1276EA4B34} = {000FC5E7-1A4B-4B1B-A1BF-1E3860757E02}
		{266F3B02-AE8D-4477-8A01-ACB1481F0BF3} = {6A8F725F-57C2-4183-AB34-03694DDC6277}
		{32FE9346-4F54-40B1-8302-BBA7DDCBF03F} = {6A8F725F-57C2-4183-AB34-03694DDC6277}
		{AA55B51C-0811-4426-A02A-DF9B2D7505F9} = {6A8F725F-57C2-4183-AB34-03694DDC6277}
		{86712374-BDBC-449F-8A42-34EA3CD715B1} = {163C7986-B9F8-48C8-ADA7-D0430DED0AE3}
	EndGlobalSection
	GlobalSection(ExtensibilityGlobals) = postSolution
		SolutionGuid = {A762F3A5-DBB6-4452-91C6-6358E05058C2}
	EndGlobalSection
EndGlobal
